
Microsoft Visual Studio Solution File, Format Version 11.00
# Visual Studio 2010
Project("{FAE04EC0-301F-11D3-BF4B-00C04F79EFBC}") = "Assembly-CSharp", "Assembly-CSharp.csproj", "{890078B7-6045-AF3B-7510-57CA0B94188C}"
EndProject
Project("{FAE04EC0-301F-11D3-BF4B-00C04F79EFBC}") = "Assembly-CSharp-Editor", "Assembly-CSharp-Editor.csproj", "{D3D76FB4-D832-FB83-BA53-332E947DA974}"
EndProject
Global
	GlobalSection(SolutionConfigurationPlatforms) = preSolution
		Debug|Any CPU = Debug|Any CPU
		Release|Any CPU = Release|Any CPU
	EndGlobalSection
	GlobalSection(ProjectConfigurationPlatforms) = postSolution
		{890078B7-6045-AF3B-7510-57CA0B94188C}.Debug|Any CPU.ActiveCfg = Debug|Any CPU
		{890078B7-6045-AF3B-7510-57CA0B94188C}.Debug|Any CPU.Build.0 = Debug|Any CPU
		{890078B7-6045-AF3B-7510-57CA0B94188C}.Release|Any CPU.ActiveCfg = Release|Any CPU
		{890078B7-6045-AF3B-7510-57CA0B94188C}.Release|Any CPU.Build.0 = Release|Any CPU
		{D3D76FB4-D832-FB83-BA53-332E947DA974}.Debug|Any CPU.ActiveCfg = Debug|Any CPU
		{D3D76FB4-D832-FB83-BA53-332E947DA974}.Debug|Any CPU.Build.0 = Debug|Any CPU
		{D3D76FB4-D832-FB83-BA53-332E947DA974}.Release|Any CPU.ActiveCfg = Release|Any CPU
		{D3D76FB4-D832-FB83-BA53-332E947DA974}.Release|Any CPU.Build.0 = Release|Any CPU
	EndGlobalSection
	GlobalSection(SolutionProperties) = preSolution
		HideSolutionNode = FALSE
	EndGlobalSection
EndGlobal
